<?xml version="1.0" encoding="UTF-8"?>
<!DOCTYPE plist PUBLIC "-//Apple//DTD PLIST 1.0//EN" "http://www.apple.com/DTDs/PropertyList-1.0.dtd">
<plist version="1.0">
<dict>
	<key>archiveVersion</key>
	<string>1</string>
	<key>classes</key>
	<dict/>
	<key>objectVersion</key>
	<string>46</string>
	<key>objects</key>
	<dict>
		<key>00C52E56899A4718ADD2D978</key>
		<dict>
			<key>fileRef</key>
			<string>6AF495B58AF341758DA2205E</string>
			<key>isa</key>
			<string>PBXBuildFile</string>
		</dict>
		<key>043B50852D714F77AFD447B6</key>
		<dict>
			<key>explicitFileType</key>
			<string>archive.ar</string>
			<key>includeInIndex</key>
			<string>0</string>
			<key>isa</key>
			<string>PBXFileReference</string>
			<key>path</key>
			<string>libPods.a</string>
			<key>sourceTree</key>
			<string>BUILT_PRODUCTS_DIR</string>
		</dict>
		<key>0F64D72DE0364BCE8BCA22C0</key>
		<dict>
			<key>buildActionMask</key>
			<string>2147483647</string>
			<key>files</key>
			<array/>
			<key>inputPaths</key>
			<array/>
			<key>isa</key>
			<string>PBXShellScriptBuildPhase</string>
			<key>name</key>
			<string>Copy Pods Resources</string>
			<key>outputPaths</key>
			<array/>
			<key>runOnlyForDeploymentPostprocessing</key>
			<string>0</string>
			<key>shellPath</key>
			<string>/bin/sh</string>
			<key>shellScript</key>
			<string>"${SRCROOT}/Pods/Pods-ObjectiveFRAP iOS-resources.sh"
</string>
			<key>showEnvVarsInLog</key>
			<string>0</string>
		</dict>
		<key>40527EB9308347B5950F8F58</key>
		<dict>
			<key>explicitFileType</key>
			<string>archive.ar</string>
			<key>includeInIndex</key>
			<string>0</string>
			<key>isa</key>
			<string>PBXFileReference</string>
			<key>path</key>
			<string>libPods-FRAPConsole.a</string>
			<key>sourceTree</key>
			<string>BUILT_PRODUCTS_DIR</string>
		</dict>
		<key>567267D5C5584C0491E4D3E0</key>
		<dict>
			<key>includeInIndex</key>
			<string>1</string>
			<key>isa</key>
			<string>PBXFileReference</string>
			<key>lastKnownFileType</key>
			<string>text.xcconfig</string>
			<key>name</key>
			<string>Pods.xcconfig</string>
			<key>path</key>
			<string>Pods/Pods.xcconfig</string>
			<key>sourceTree</key>
			<string>SOURCE_ROOT</string>
		</dict>
		<key>660D59E51834014F004A92ED</key>
		<dict>
			<key>isa</key>
			<string>PBXFileReference</string>
			<key>lastKnownFileType</key>
			<string>wrapper.framework</string>
			<key>name</key>
			<string>CoreFoundation.framework</string>
			<key>path</key>
			<string>System/Library/Frameworks/CoreFoundation.framework</string>
			<key>sourceTree</key>
			<string>SDKROOT</string>
		</dict>
		<key>660D59EF1834018E004A92ED</key>
		<dict>
			<key>fileEncoding</key>
			<string>4</string>
			<key>isa</key>
			<string>PBXFileReference</string>
			<key>lastKnownFileType</key>
			<string>sourcecode.c.h</string>
			<key>name</key>
			<string>FCWindow.h</string>
			<key>path</key>
			<string>FRAPConsole/FCWindow.h</string>
			<key>sourceTree</key>
			<string>SOURCE_ROOT</string>
		</dict>
		<key>660D59F01834018E004A92ED</key>
		<dict>
			<key>fileEncoding</key>
			<string>4</string>
			<key>isa</key>
			<string>PBXFileReference</string>
			<key>lastKnownFileType</key>
			<string>sourcecode.c.objc</string>
			<key>name</key>
			<string>FCWindow.m</string>
			<key>path</key>
			<string>FRAPConsole/FCWindow.m</string>
			<key>sourceTree</key>
			<string>SOURCE_ROOT</string>
		</dict>
		<key>660D5A00183406C9004A92ED</key>
		<dict>
			<key>isa</key>
			<string>PBXFileReference</string>
			<key>lastKnownFileType</key>
			<string>wrapper.framework</string>
			<key>name</key>
			<string>SystemConfiguration.framework</string>
			<key>path</key>
			<string>System/Library/Frameworks/SystemConfiguration.framework</string>
			<key>sourceTree</key>
			<string>SDKROOT</string>
		</dict>
		<key>660D5A01183406C9004A92ED</key>
		<dict>
			<key>fileRef</key>
			<string>660D5A00183406C9004A92ED</string>
			<key>isa</key>
			<string>PBXBuildFile</string>
		</dict>
		<key>6611CE0E1906B64A0049874E</key>
		<dict>
			<key>fileEncoding</key>
			<string>4</string>
			<key>isa</key>
			<string>PBXFileReference</string>
			<key>lastKnownFileType</key>
			<string>sourcecode.c.h</string>
			<key>path</key>
			<string>FrapEndpointRedis.h</string>
			<key>sourceTree</key>
			<string>&lt;group&gt;</string>
		</dict>
		<key>6611CE0F1906B64A0049874E</key>
		<dict>
			<key>fileEncoding</key>
			<string>4</string>
			<key>isa</key>
			<string>PBXFileReference</string>
			<key>lastKnownFileType</key>
			<string>sourcecode.c.objc</string>
			<key>path</key>
			<string>FrapEndpointRedis.m</string>
			<key>sourceTree</key>
			<string>&lt;group&gt;</string>
		</dict>
		<key>6611CE101906B64A0049874E</key>
		<dict>
			<key>fileRef</key>
			<string>6611CE0E1906B64A0049874E</string>
			<key>isa</key>
			<string>PBXBuildFile</string>
		</dict>
		<key>6611CE111906B64A0049874E</key>
		<dict>
			<key>fileRef</key>
			<string>6611CE0F1906B64A0049874E</string>
			<key>isa</key>
			<string>PBXBuildFile</string>
		</dict>
		<key>6611CE121906B64A0049874E</key>
		<dict>
			<key>fileRef</key>
			<string>6611CE0F1906B64A0049874E</string>
			<key>isa</key>
			<string>PBXBuildFile</string>
		</dict>
		<key>6611CE131906D4250049874E</key>
		<dict>
			<key>isa</key>
			<string>PBXFileReference</string>
			<key>lastKnownFileType</key>
			<string>sourcecode.c.h</string>
			<key>path</key>
			<string>hiredis-libdispatch.h</string>
			<key>sourceTree</key>
			<string>&lt;group&gt;</string>
		</dict>
		<key>6611CE141906D7310049874E</key>
		<dict>
			<key>fileEncoding</key>
			<string>4</string>
			<key>isa</key>
			<string>PBXFileReference</string>
			<key>lastKnownFileType</key>
			<string>sourcecode.c.h</string>
			<key>path</key>
			<string>RedisLibDispatchEvents.h</string>
			<key>sourceTree</key>
			<string>&lt;group&gt;</string>
		</dict>
		<key>6611CE151906D7310049874E</key>
		<dict>
			<key>fileEncoding</key>
			<string>4</string>
			<key>isa</key>
			<string>PBXFileReference</string>
			<key>lastKnownFileType</key>
			<string>sourcecode.c.objc</string>
			<key>path</key>
			<string>RedisLibDispatchEvents.m</string>
			<key>sourceTree</key>
			<string>&lt;group&gt;</string>
		</dict>
		<key>6611CE161906D7310049874E</key>
		<dict>
			<key>fileRef</key>
			<string>6611CE141906D7310049874E</string>
			<key>isa</key>
			<string>PBXBuildFile</string>
		</dict>
		<key>6611CE171906D7310049874E</key>
		<dict>
			<key>fileRef</key>
			<string>6611CE151906D7310049874E</string>
			<key>isa</key>
			<string>PBXBuildFile</string>
		</dict>
		<key>6611CE181906D7310049874E</key>
		<dict>
			<key>fileRef</key>
			<string>6611CE151906D7310049874E</string>
			<key>isa</key>
			<string>PBXBuildFile</string>
		</dict>
		<key>6642073016EF7F0E0088597B</key>
		<dict>
			<key>fileEncoding</key>
			<string>4</string>
			<key>isa</key>
			<string>PBXFileReference</string>
			<key>lastKnownFileType</key>
			<string>sourcecode.c.h</string>
			<key>path</key>
			<string>FrapEndpointUDP.h</string>
			<key>sourceTree</key>
			<string>&lt;group&gt;</string>
		</dict>
		<key>6642073116EF7F0E0088597B</key>
		<dict>
			<key>fileEncoding</key>
			<string>4</string>
			<key>isa</key>
			<string>PBXFileReference</string>
			<key>lastKnownFileType</key>
			<string>sourcecode.c.objc</string>
			<key>path</key>
			<string>FrapEndpointUDP.m</string>
			<key>sourceTree</key>
			<string>&lt;group&gt;</string>
		</dict>
		<key>6642073216EF7F0E0088597B</key>
		<dict>
			<key>fileRef</key>
			<string>6642073016EF7F0E0088597B</string>
			<key>isa</key>
			<string>PBXBuildFile</string>
		</dict>
		<key>6642073316EF7F0E0088597B</key>
		<dict>
			<key>fileRef</key>
			<string>6642073116EF7F0E0088597B</string>
			<key>isa</key>
			<string>PBXBuildFile</string>
		</dict>
		<key>6642073416EF7F0E0088597B</key>
		<dict>
			<key>fileRef</key>
			<string>6642073116EF7F0E0088597B</string>
			<key>isa</key>
			<string>PBXBuildFile</string>
		</dict>
		<key>669022311845369700A5DCBA</key>
		<dict>
			<key>buildActionMask</key>
			<string>2147483647</string>
			<key>files</key>
			<array>
				<string>669022691845396A00A5DCBA</string>
				<string>669022451845369700A5DCBA</string>
				<string>6690226C1847CD6E00A5DCBA</string>
				<string>6690223E1845369700A5DCBA</string>
			</array>
			<key>isa</key>
			<string>PBXSourcesBuildPhase</string>
			<key>runOnlyForDeploymentPostprocessing</key>
			<string>0</string>
		</dict>
		<key>669022321845369700A5DCBA</key>
		<dict>
			<key>buildActionMask</key>
			<string>2147483647</string>
			<key>files</key>
			<array>
				<string>66902263184536A800A5DCBA</string>
				<string>669022361845369700A5DCBA</string>
				<string>808A1E9AB6D340E5AC2397F3</string>
			</array>
			<key>isa</key>
			<string>PBXFrameworksBuildPhase</string>
			<key>runOnlyForDeploymentPostprocessing</key>
			<string>0</string>
		</dict>
		<key>669022331845369700A5DCBA</key>
		<dict>
			<key>buildActionMask</key>
			<string>2147483647</string>
			<key>files</key>
			<array>
				<string>6690223C1845369700A5DCBA</string>
				<string>6690224A1845369700A5DCBA</string>
				<string>669022421845369700A5DCBA</string>
				<string>669022481845369700A5DCBA</string>
			</array>
			<key>isa</key>
			<string>PBXResourcesBuildPhase</string>
			<key>runOnlyForDeploymentPostprocessing</key>
			<string>0</string>
		</dict>
		<key>669022341845369700A5DCBA</key>
		<dict>
			<key>buildConfigurationList</key>
			<string>6690225D1845369700A5DCBA</string>
			<key>buildPhases</key>
			<array>
				<string>C48DF0D0FAFE4554A3AF9E08</string>
				<string>669022311845369700A5DCBA</string>
				<string>669022321845369700A5DCBA</string>
				<string>669022331845369700A5DCBA</string>
				<string>A9D7529685A44D869C38D0FB</string>
			</array>
			<key>buildRules</key>
			<array/>
			<key>dependencies</key>
			<array/>
			<key>isa</key>
			<string>PBXNativeTarget</string>
			<key>name</key>
			<string>FRAPConsole</string>
			<key>productName</key>
			<string>FRAPConsole</string>
			<key>productReference</key>
			<string>669022351845369700A5DCBA</string>
			<key>productType</key>
			<string>com.apple.product-type.application</string>
		</dict>
		<key>669022351845369700A5DCBA</key>
		<dict>
			<key>explicitFileType</key>
			<string>wrapper.application</string>
			<key>includeInIndex</key>
			<string>0</string>
			<key>isa</key>
			<string>PBXFileReference</string>
			<key>path</key>
			<string>FRAPConsole.app</string>
			<key>sourceTree</key>
			<string>BUILT_PRODUCTS_DIR</string>
		</dict>
		<key>669022361845369700A5DCBA</key>
		<dict>
			<key>fileRef</key>
			<string>66E16D0F16EF674400CA7F33</string>
			<key>isa</key>
			<string>PBXBuildFile</string>
		</dict>
		<key>669022371845369700A5DCBA</key>
		<dict>
			<key>children</key>
			<array>
				<string>660D59EF1834018E004A92ED</string>
				<string>660D59F01834018E004A92ED</string>
				<string>669022431845369700A5DCBA</string>
				<string>669022441845369700A5DCBA</string>
				<string>669022461845369700A5DCBA</string>
				<string>669022491845369700A5DCBA</string>
				<string>669022381845369700A5DCBA</string>
				<string>6690226A1847CD6E00A5DCBA</string>
				<string>6690226B1847CD6E00A5DCBA</string>
			</array>
			<key>isa</key>
			<string>PBXGroup</string>
			<key>path</key>
			<string>FRAPConsole</string>
			<key>sourceTree</key>
			<string>&lt;group&gt;</string>
		</dict>
		<key>669022381845369700A5DCBA</key>
		<dict>
			<key>children</key>
			<array>
				<string>669022391845369700A5DCBA</string>
				<string>6690223A1845369700A5DCBA</string>
				<string>6690223D1845369700A5DCBA</string>
				<string>6690223F1845369700A5DCBA</string>
				<string>669022401845369700A5DCBA</string>
			</array>
			<key>isa</key>
			<string>PBXGroup</string>
			<key>name</key>
			<string>Supporting Files</string>
			<key>sourceTree</key>
			<string>&lt;group&gt;</string>
		</dict>
		<key>669022391845369700A5DCBA</key>
		<dict>
			<key>isa</key>
			<string>PBXFileReference</string>
			<key>lastKnownFileType</key>
			<string>text.plist.xml</string>
			<key>path</key>
			<string>FRAPConsole-Info.plist</string>
			<key>sourceTree</key>
			<string>&lt;group&gt;</string>
		</dict>
		<key>6690223A1845369700A5DCBA</key>
		<dict>
			<key>children</key>
			<array>
				<string>6690223B1845369700A5DCBA</string>
			</array>
			<key>isa</key>
			<string>PBXVariantGroup</string>
			<key>name</key>
			<string>InfoPlist.strings</string>
			<key>sourceTree</key>
			<string>&lt;group&gt;</string>
		</dict>
		<key>6690223B1845369700A5DCBA</key>
		<dict>
			<key>isa</key>
			<string>PBXFileReference</string>
			<key>lastKnownFileType</key>
			<string>text.plist.strings</string>
			<key>name</key>
			<string>en</string>
			<key>path</key>
			<string>en.lproj/InfoPlist.strings</string>
			<key>sourceTree</key>
			<string>&lt;group&gt;</string>
		</dict>
		<key>6690223C1845369700A5DCBA</key>
		<dict>
			<key>fileRef</key>
			<string>6690223A1845369700A5DCBA</string>
			<key>isa</key>
			<string>PBXBuildFile</string>
		</dict>
		<key>6690223D1845369700A5DCBA</key>
		<dict>
			<key>isa</key>
			<string>PBXFileReference</string>
			<key>lastKnownFileType</key>
			<string>sourcecode.c.objc</string>
			<key>path</key>
			<string>main.m</string>
			<key>sourceTree</key>
			<string>&lt;group&gt;</string>
		</dict>
		<key>6690223E1845369700A5DCBA</key>
		<dict>
			<key>fileRef</key>
			<string>6690223D1845369700A5DCBA</string>
			<key>isa</key>
			<string>PBXBuildFile</string>
		</dict>
		<key>6690223F1845369700A5DCBA</key>
		<dict>
			<key>isa</key>
			<string>PBXFileReference</string>
			<key>lastKnownFileType</key>
			<string>sourcecode.c.h</string>
			<key>path</key>
			<string>FRAPConsole-Prefix.pch</string>
			<key>sourceTree</key>
			<string>&lt;group&gt;</string>
		</dict>
		<key>669022401845369700A5DCBA</key>
		<dict>
			<key>children</key>
			<array>
				<string>669022411845369700A5DCBA</string>
			</array>
			<key>isa</key>
			<string>PBXVariantGroup</string>
			<key>name</key>
			<string>Credits.rtf</string>
			<key>sourceTree</key>
			<string>&lt;group&gt;</string>
		</dict>
		<key>669022411845369700A5DCBA</key>
		<dict>
			<key>isa</key>
			<string>PBXFileReference</string>
			<key>lastKnownFileType</key>
			<string>text.rtf</string>
			<key>name</key>
			<string>en</string>
			<key>path</key>
			<string>en.lproj/Credits.rtf</string>
			<key>sourceTree</key>
			<string>&lt;group&gt;</string>
		</dict>
		<key>669022421845369700A5DCBA</key>
		<dict>
			<key>fileRef</key>
			<string>669022401845369700A5DCBA</string>
			<key>isa</key>
			<string>PBXBuildFile</string>
		</dict>
		<key>669022431845369700A5DCBA</key>
		<dict>
			<key>isa</key>
			<string>PBXFileReference</string>
			<key>lastKnownFileType</key>
			<string>sourcecode.c.h</string>
			<key>path</key>
			<string>AppDelegate.h</string>
			<key>sourceTree</key>
			<string>&lt;group&gt;</string>
		</dict>
		<key>669022441845369700A5DCBA</key>
		<dict>
			<key>isa</key>
			<string>PBXFileReference</string>
			<key>lastKnownFileType</key>
			<string>sourcecode.c.objc</string>
			<key>path</key>
			<string>AppDelegate.m</string>
			<key>sourceTree</key>
			<string>&lt;group&gt;</string>
		</dict>
		<key>669022451845369700A5DCBA</key>
		<dict>
			<key>fileRef</key>
			<string>669022441845369700A5DCBA</string>
			<key>isa</key>
			<string>PBXBuildFile</string>
		</dict>
		<key>669022461845369700A5DCBA</key>
		<dict>
			<key>children</key>
			<array>
				<string>669022471845369700A5DCBA</string>
			</array>
			<key>isa</key>
			<string>PBXVariantGroup</string>
			<key>name</key>
			<string>MainMenu.xib</string>
			<key>sourceTree</key>
			<string>&lt;group&gt;</string>
		</dict>
		<key>669022471845369700A5DCBA</key>
		<dict>
			<key>isa</key>
			<string>PBXFileReference</string>
			<key>lastKnownFileType</key>
			<string>file.xib</string>
			<key>name</key>
			<string>Base</string>
			<key>path</key>
			<string>Base.lproj/MainMenu.xib</string>
			<key>sourceTree</key>
			<string>&lt;group&gt;</string>
		</dict>
		<key>669022481845369700A5DCBA</key>
		<dict>
			<key>fileRef</key>
			<string>669022461845369700A5DCBA</string>
			<key>isa</key>
			<string>PBXBuildFile</string>
		</dict>
		<key>669022491845369700A5DCBA</key>
		<dict>
			<key>isa</key>
			<string>PBXFileReference</string>
			<key>lastKnownFileType</key>
			<string>folder.assetcatalog</string>
			<key>path</key>
			<string>Images.xcassets</string>
			<key>sourceTree</key>
			<string>&lt;group&gt;</string>
		</dict>
		<key>6690224A1845369700A5DCBA</key>
		<dict>
			<key>fileRef</key>
			<string>669022491845369700A5DCBA</string>
			<key>isa</key>
			<string>PBXBuildFile</string>
		</dict>
		<key>669022501845369700A5DCBA</key>
		<dict>
			<key>isa</key>
			<string>PBXFileReference</string>
			<key>lastKnownFileType</key>
			<string>wrapper.framework</string>
			<key>name</key>
			<string>XCTest.framework</string>
			<key>path</key>
			<string>Library/Frameworks/XCTest.framework</string>
			<key>sourceTree</key>
			<string>DEVELOPER_DIR</string>
		</dict>
		<key>669022551845369700A5DCBA</key>
		<dict>
			<key>children</key>
			<array>
				<string>6690225B1845369700A5DCBA</string>
				<string>669022561845369700A5DCBA</string>
			</array>
			<key>isa</key>
			<string>PBXGroup</string>
			<key>path</key>
			<string>FRAPConsoleTests</string>
			<key>sourceTree</key>
			<string>&lt;group&gt;</string>
		</dict>
		<key>669022561845369700A5DCBA</key>
		<dict>
			<key>children</key>
			<array>
				<string>669022571845369700A5DCBA</string>
				<string>669022581845369700A5DCBA</string>
			</array>
			<key>isa</key>
			<string>PBXGroup</string>
			<key>name</key>
			<string>Supporting Files</string>
			<key>sourceTree</key>
			<string>&lt;group&gt;</string>
		</dict>
		<key>669022571845369700A5DCBA</key>
		<dict>
			<key>isa</key>
			<string>PBXFileReference</string>
			<key>lastKnownFileType</key>
			<string>text.plist.xml</string>
			<key>path</key>
			<string>FRAPConsoleTests-Info.plist</string>
			<key>sourceTree</key>
			<string>&lt;group&gt;</string>
		</dict>
		<key>669022581845369700A5DCBA</key>
		<dict>
			<key>children</key>
			<array>
				<string>669022591845369700A5DCBA</string>
			</array>
			<key>isa</key>
			<string>PBXVariantGroup</string>
			<key>name</key>
			<string>InfoPlist.strings</string>
			<key>sourceTree</key>
			<string>&lt;group&gt;</string>
		</dict>
		<key>669022591845369700A5DCBA</key>
		<dict>
			<key>isa</key>
			<string>PBXFileReference</string>
			<key>lastKnownFileType</key>
			<string>text.plist.strings</string>
			<key>name</key>
			<string>en</string>
			<key>path</key>
			<string>en.lproj/InfoPlist.strings</string>
			<key>sourceTree</key>
			<string>&lt;group&gt;</string>
		</dict>
		<key>6690225B1845369700A5DCBA</key>
		<dict>
			<key>isa</key>
			<string>PBXFileReference</string>
			<key>lastKnownFileType</key>
			<string>sourcecode.c.objc</string>
			<key>path</key>
			<string>FRAPConsoleTests.m</string>
			<key>sourceTree</key>
			<string>&lt;group&gt;</string>
		</dict>
		<key>6690225D1845369700A5DCBA</key>
		<dict>
			<key>buildConfigurations</key>
			<array>
				<string>6690225E1845369700A5DCBA</string>
				<string>6690225F1845369700A5DCBA</string>
			</array>
			<key>defaultConfigurationIsVisible</key>
			<string>0</string>
			<key>defaultConfigurationName</key>
			<string>Release</string>
			<key>isa</key>
			<string>XCConfigurationList</string>
		</dict>
		<key>6690225E1845369700A5DCBA</key>
		<dict>
			<key>baseConfigurationReference</key>
			<string>6B17C548A2374D00881A0347</string>
			<key>buildSettings</key>
			<dict>
				<key>ASSETCATALOG_COMPILER_APPICON_NAME</key>
				<string>AppIcon</string>
				<key>CLANG_WARN_BOOL_CONVERSION</key>
				<string>YES</string>
				<key>CLANG_WARN_DIRECT_OBJC_ISA_USAGE</key>
				<string>YES_ERROR</string>
				<key>CLANG_WARN_OBJC_ROOT_CLASS</key>
				<string>YES_ERROR</string>
				<key>COMBINE_HIDPI_IMAGES</key>
				<string>YES</string>
				<key>GCC_PRECOMPILE_PREFIX_HEADER</key>
				<string>YES</string>
				<key>GCC_PREFIX_HEADER</key>
				<string>FRAPConsole/FRAPConsole-Prefix.pch</string>
				<key>GCC_PREPROCESSOR_DEFINITIONS</key>
				<array>
					<string>DEBUG=1</string>
					<string>$(inherited)</string>
				</array>
				<key>GCC_WARN_ABOUT_RETURN_TYPE</key>
				<string>YES_ERROR</string>
				<key>GCC_WARN_UNDECLARED_SELECTOR</key>
				<string>YES</string>
				<key>GCC_WARN_UNUSED_FUNCTION</key>
				<string>YES</string>
				<key>INFOPLIST_FILE</key>
				<string>FRAPConsole/FRAPConsole-Info.plist</string>
				<key>MACOSX_DEPLOYMENT_TARGET</key>
				<string>10.9</string>
				<key>PRODUCT_NAME</key>
				<string>$(TARGET_NAME)</string>
				<key>WRAPPER_EXTENSION</key>
				<string>app</string>
			</dict>
			<key>isa</key>
			<string>XCBuildConfiguration</string>
			<key>name</key>
			<string>Debug</string>
		</dict>
		<key>6690225F1845369700A5DCBA</key>
		<dict>
			<key>baseConfigurationReference</key>
			<string>6B17C548A2374D00881A0347</string>
			<key>buildSettings</key>
			<dict>
				<key>ASSETCATALOG_COMPILER_APPICON_NAME</key>
				<string>AppIcon</string>
				<key>CLANG_WARN_BOOL_CONVERSION</key>
				<string>YES</string>
				<key>CLANG_WARN_DIRECT_OBJC_ISA_USAGE</key>
				<string>YES_ERROR</string>
				<key>CLANG_WARN_OBJC_ROOT_CLASS</key>
				<string>YES_ERROR</string>
				<key>COMBINE_HIDPI_IMAGES</key>
				<string>YES</string>
				<key>ENABLE_NS_ASSERTIONS</key>
				<string>NO</string>
				<key>GCC_PRECOMPILE_PREFIX_HEADER</key>
				<string>YES</string>
				<key>GCC_PREFIX_HEADER</key>
				<string>FRAPConsole/FRAPConsole-Prefix.pch</string>
				<key>GCC_WARN_ABOUT_RETURN_TYPE</key>
				<string>YES_ERROR</string>
				<key>GCC_WARN_UNDECLARED_SELECTOR</key>
				<string>YES</string>
				<key>GCC_WARN_UNUSED_FUNCTION</key>
				<string>YES</string>
				<key>INFOPLIST_FILE</key>
				<string>FRAPConsole/FRAPConsole-Info.plist</string>
				<key>MACOSX_DEPLOYMENT_TARGET</key>
				<string>10.9</string>
				<key>PRODUCT_NAME</key>
				<string>$(TARGET_NAME)</string>
				<key>WRAPPER_EXTENSION</key>
				<string>app</string>
			</dict>
			<key>isa</key>
			<string>XCBuildConfiguration</string>
			<key>name</key>
			<string>Release</string>
		</dict>
		<key>66902263184536A800A5DCBA</key>
		<dict>
			<key>fileRef</key>
			<string>66E16D0C16EF674400CA7F33</string>
			<key>isa</key>
			<string>PBXBuildFile</string>
		</dict>
		<key>669022691845396A00A5DCBA</key>
		<dict>
			<key>fileRef</key>
			<string>660D59F01834018E004A92ED</string>
			<key>isa</key>
			<string>PBXBuildFile</string>
		</dict>
		<key>6690226A1847CD6E00A5DCBA</key>
		<dict>
			<key>fileEncoding</key>
			<string>4</string>
			<key>isa</key>
			<string>PBXFileReference</string>
			<key>lastKnownFileType</key>
			<string>sourcecode.c.h</string>
			<key>path</key>
			<string>FCLogger.h</string>
			<key>sourceTree</key>
			<string>&lt;group&gt;</string>
		</dict>
		<key>6690226B1847CD6E00A5DCBA</key>
		<dict>
			<key>fileEncoding</key>
			<string>4</string>
			<key>isa</key>
			<string>PBXFileReference</string>
			<key>lastKnownFileType</key>
			<string>sourcecode.c.objc</string>
			<key>path</key>
			<string>FCLogger.m</string>
			<key>sourceTree</key>
			<string>&lt;group&gt;</string>
		</dict>
		<key>6690226C1847CD6E00A5DCBA</key>
		<dict>
			<key>fileRef</key>
			<string>6690226B1847CD6E00A5DCBA</string>
			<key>isa</key>
			<string>PBXBuildFile</string>
		</dict>
		<key>66E16D0216EF674400CA7F33</key>
		<dict>
			<key>children</key>
			<array>
				<string>66E16D1516EF674400CA7F33</string>
				<string>66E16D2B16EF674400CA7F33</string>
				<string>66E16D5716EF679400CA7F33</string>
				<string>66E16D6B16EF679400CA7F33</string>
				<string>669022371845369700A5DCBA</string>
				<string>669022551845369700A5DCBA</string>
				<string>66E16D0E16EF674400CA7F33</string>
				<string>66E16D0D16EF674400CA7F33</string>
				<string>567267D5C5584C0491E4D3E0</string>
				<string>F055F7B72AD246CB9801AB2C</string>
				<string>A7C4CA6B3AF24AF088DB3CCF</string>
				<string>6B17C548A2374D00881A0347</string>
			</array>
			<key>isa</key>
			<string>PBXGroup</string>
			<key>sourceTree</key>
			<string>&lt;group&gt;</string>
		</dict>
		<key>66E16D0316EF674400CA7F33</key>
		<dict>
			<key>attributes</key>
			<dict>
				<key>LastTestingUpgradeCheck</key>
				<string>0510</string>
				<key>LastUpgradeCheck</key>
				<string>0500</string>
				<key>ORGANIZATIONNAME</key>
				<string>Alleged Entertainment</string>
			</dict>
			<key>buildConfigurationList</key>
			<string>66E16D0616EF674400CA7F33</string>
			<key>compatibilityVersion</key>
			<string>Xcode 3.2</string>
			<key>developmentRegion</key>
			<string>English</string>
			<key>hasScannedForEncodings</key>
			<string>0</string>
			<key>isa</key>
			<string>PBXProject</string>
			<key>knownRegions</key>
			<array>
				<string>en</string>
				<string>Base</string>
			</array>
			<key>mainGroup</key>
			<string>66E16D0216EF674400CA7F33</string>
			<key>productRefGroup</key>
			<string>66E16D0D16EF674400CA7F33</string>
			<key>projectDirPath</key>
			<string></string>
			<key>projectReferences</key>
			<array/>
			<key>projectRoot</key>
			<string></string>
			<key>targets</key>
			<array>
				<string>66E16D0B16EF674400CA7F33</string>
				<string>66E16D2316EF674400CA7F33</string>
				<string>66E16D5316EF679400CA7F33</string>
				<string>66E16D6216EF679400CA7F33</string>
				<string>669022341845369700A5DCBA</string>
			</array>
		</dict>
		<key>66E16D0616EF674400CA7F33</key>
		<dict>
			<key>buildConfigurations</key>
			<array>
				<string>66E16D3416EF674400CA7F33</string>
				<string>66E16D3516EF674400CA7F33</string>
			</array>
			<key>defaultConfigurationIsVisible</key>
			<string>0</string>
			<key>defaultConfigurationName</key>
			<string>Release</string>
			<key>isa</key>
			<string>XCConfigurationList</string>
		</dict>
		<key>66E16D0716EF674400CA7F33</key>
		<dict>
			<key>buildActionMask</key>
			<string>2147483647</string>
			<key>files</key>
			<array>
				<string>66E16D4716EF675500CA7F33</string>
				<string>66E16D4B16EF675500CA7F33</string>
				<string>66E16D4D16EF675500CA7F33</string>
				<string>66E16D4F16EF675500CA7F33</string>
				<string>6611CE111906B64A0049874E</string>
				<string>6611CE171906D7310049874E</string>
				<string>6642073316EF7F0E0088597B</string>
			</array>
			<key>isa</key>
			<string>PBXSourcesBuildPhase</string>
			<key>runOnlyForDeploymentPostprocessing</key>
			<string>0</string>
		</dict>
		<key>66E16D0816EF674400CA7F33</key>
		<dict>
			<key>buildActionMask</key>
			<string>2147483647</string>
			<key>files</key>
			<array>
				<string>660D5A01183406C9004A92ED</string>
				<string>66E16D1016EF674400CA7F33</string>
				<string>00C52E56899A4718ADD2D978</string>
			</array>
			<key>isa</key>
			<string>PBXFrameworksBuildPhase</string>
			<key>runOnlyForDeploymentPostprocessing</key>
			<string>0</string>
		</dict>
		<key>66E16D0916EF674400CA7F33</key>
		<dict>
			<key>buildActionMask</key>
			<string>2147483647</string>
			<key>files</key>
			<array>
				<string>66E16D4616EF675500CA7F33</string>
				<string>66E16D4816EF675500CA7F33</string>
				<string>6611CE101906B64A0049874E</string>
				<string>66E16D4916EF675500CA7F33</string>
				<string>66E16D4A16EF675500CA7F33</string>
				<string>66E16D4C16EF675500CA7F33</string>
				<string>6611CE161906D7310049874E</string>
				<string>66E16D4E16EF675500CA7F33</string>
				<string>6642073216EF7F0E0088597B</string>
			</array>
			<key>isa</key>
			<string>PBXHeadersBuildPhase</string>
			<key>runOnlyForDeploymentPostprocessing</key>
			<string>0</string>
		</dict>
		<key>66E16D0A16EF674400CA7F33</key>
		<dict>
			<key>buildActionMask</key>
			<string>2147483647</string>
			<key>files</key>
			<array>
				<string>66E16D1A16EF674400CA7F33</string>
			</array>
			<key>isa</key>
			<string>PBXResourcesBuildPhase</string>
			<key>runOnlyForDeploymentPostprocessing</key>
			<string>0</string>
		</dict>
		<key>66E16D0B16EF674400CA7F33</key>
		<dict>
			<key>buildConfigurationList</key>
			<string>66E16D3616EF674400CA7F33</string>
			<key>buildPhases</key>
			<array>
				<string>9F88B1CBDF324E99A7043A77</string>
				<string>66E16D0716EF674400CA7F33</string>
				<string>66E16D0816EF674400CA7F33</string>
				<string>66E16D0916EF674400CA7F33</string>
				<string>66E16D0A16EF674400CA7F33</string>
				<string>CA88EDAC763D41D886D61622</string>
			</array>
			<key>buildRules</key>
			<array/>
			<key>dependencies</key>
			<array/>
			<key>isa</key>
			<string>PBXNativeTarget</string>
			<key>name</key>
			<string>ObjectiveFRAP Mac OS X</string>
			<key>productName</key>
			<string>ObjectiveFRAP</string>
			<key>productReference</key>
			<string>66E16D0C16EF674400CA7F33</string>
			<key>productType</key>
			<string>com.apple.product-type.framework</string>
		</dict>
		<key>66E16D0C16EF674400CA7F33</key>
		<dict>
			<key>explicitFileType</key>
			<string>wrapper.framework</string>
			<key>includeInIndex</key>
			<string>0</string>
			<key>isa</key>
			<string>PBXFileReference</string>
			<key>path</key>
			<string>ObjectiveFRAP Mac OS X.framework</string>
			<key>sourceTree</key>
			<string>BUILT_PRODUCTS_DIR</string>
		</dict>
		<key>66E16D0D16EF674400CA7F33</key>
		<dict>
			<key>children</key>
			<array>
				<string>66E16D0C16EF674400CA7F33</string>
				<string>66E16D2416EF674400CA7F33</string>
				<string>66E16D5416EF679400CA7F33</string>
				<string>66E16D6316EF679400CA7F33</string>
				<string>669022351845369700A5DCBA</string>
			</array>
			<key>isa</key>
			<string>PBXGroup</string>
			<key>name</key>
			<string>Products</string>
			<key>sourceTree</key>
			<string>&lt;group&gt;</string>
		</dict>
		<key>66E16D0E16EF674400CA7F33</key>
		<dict>
			<key>children</key>
			<array>
				<string>660D5A00183406C9004A92ED</string>
				<string>66E16D0F16EF674400CA7F33</string>
				<string>66E16D2516EF674400CA7F33</string>
				<string>66E16D5516EF679400CA7F33</string>
				<string>66E16D6516EF679400CA7F33</string>
				<string>660D59E51834014F004A92ED</string>
				<string>669022501845369700A5DCBA</string>
				<string>66E16D1116EF674400CA7F33</string>
				<string>043B50852D714F77AFD447B6</string>
				<string>6AF495B58AF341758DA2205E</string>
				<string>8E9CAD49586D4144BCA18558</string>
				<string>40527EB9308347B5950F8F58</string>
			</array>
			<key>isa</key>
			<string>PBXGroup</string>
			<key>name</key>
			<string>Frameworks</string>
			<key>sourceTree</key>
			<string>&lt;group&gt;</string>
		</dict>
		<key>66E16D0F16EF674400CA7F33</key>
		<dict>
			<key>isa</key>
			<string>PBXFileReference</string>
			<key>lastKnownFileType</key>
			<string>wrapper.framework</string>
			<key>name</key>
			<string>Cocoa.framework</string>
			<key>path</key>
			<string>System/Library/Frameworks/Cocoa.framework</string>
			<key>sourceTree</key>
			<string>SDKROOT</string>
		</dict>
		<key>66E16D1016EF674400CA7F33</key>
		<dict>
			<key>fileRef</key>
			<string>66E16D0F16EF674400CA7F33</string>
			<key>isa</key>
			<string>PBXBuildFile</string>
		</dict>
		<key>66E16D1116EF674400CA7F33</key>
		<dict>
			<key>children</key>
			<array>
				<string>66E16D1216EF674400CA7F33</string>
				<string>66E16D1316EF674400CA7F33</string>
				<string>66E16D1416EF674400CA7F33</string>
			</array>
			<key>isa</key>
			<string>PBXGroup</string>
			<key>name</key>
			<string>Other Frameworks</string>
			<key>sourceTree</key>
			<string>&lt;group&gt;</string>
		</dict>
		<key>66E16D1216EF674400CA7F33</key>
		<dict>
			<key>isa</key>
			<string>PBXFileReference</string>
			<key>lastKnownFileType</key>
			<string>wrapper.framework</string>
			<key>name</key>
			<string>AppKit.framework</string>
			<key>path</key>
			<string>System/Library/Frameworks/AppKit.framework</string>
			<key>sourceTree</key>
			<string>SDKROOT</string>
		</dict>
		<key>66E16D1316EF674400CA7F33</key>
		<dict>
			<key>isa</key>
			<string>PBXFileReference</string>
			<key>lastKnownFileType</key>
			<string>wrapper.framework</string>
			<key>name</key>
			<string>CoreData.framework</string>
			<key>path</key>
			<string>System/Library/Frameworks/CoreData.framework</string>
			<key>sourceTree</key>
			<string>SDKROOT</string>
		</dict>
		<key>66E16D1416EF674400CA7F33</key>
		<dict>
			<key>isa</key>
			<string>PBXFileReference</string>
			<key>lastKnownFileType</key>
			<string>wrapper.framework</string>
			<key>name</key>
			<string>Foundation.framework</string>
			<key>path</key>
			<string>System/Library/Frameworks/Foundation.framework</string>
			<key>sourceTree</key>
			<string>SDKROOT</string>
		</dict>
		<key>66E16D1516EF674400CA7F33</key>
		<dict>
			<key>children</key>
			<array>
				<string>66E16D3C16EF675500CA7F33</string>
				<string>66E16D3D16EF675500CA7F33</string>
				<string>6642073016EF7F0E0088597B</string>
				<string>6642073116EF7F0E0088597B</string>
				<string>66E16D3E16EF675500CA7F33</string>
				<string>66E16D3F16EF675500CA7F33</string>
				<string>66E16D4016EF675500CA7F33</string>
				<string>66E16D4116EF675500CA7F33</string>
				<string>66E16D4216EF675500CA7F33</string>
				<string>66E16D4316EF675500CA7F33</string>
				<string>66E16D4416EF675500CA7F33</string>
				<string>66E16D4516EF675500CA7F33</string>
				<string>66E16D1616EF674400CA7F33</string>
				<string>6611CE0E1906B64A0049874E</string>
				<string>6611CE0F1906B64A0049874E</string>
				<string>6611CE131906D4250049874E</string>
				<string>6611CE141906D7310049874E</string>
				<string>6611CE151906D7310049874E</string>
			</array>
			<key>isa</key>
			<string>PBXGroup</string>
			<key>path</key>
			<string>ObjectiveFRAP</string>
			<key>sourceTree</key>
			<string>&lt;group&gt;</string>
		</dict>
		<key>66E16D1616EF674400CA7F33</key>
		<dict>
			<key>children</key>
			<array>
				<string>66E16D1716EF674400CA7F33</string>
				<string>66E16D1816EF674400CA7F33</string>
				<string>66E16D1B16EF674400CA7F33</string>
			</array>
			<key>isa</key>
			<string>PBXGroup</string>
			<key>name</key>
			<string>Supporting Files</string>
			<key>sourceTree</key>
			<string>&lt;group&gt;</string>
		</dict>
		<key>66E16D1716EF674400CA7F33</key>
		<dict>
			<key>isa</key>
			<string>PBXFileReference</string>
			<key>lastKnownFileType</key>
			<string>text.plist.xml</string>
			<key>path</key>
			<string>ObjectiveFRAP-Info.plist</string>
			<key>sourceTree</key>
			<string>&lt;group&gt;</string>
		</dict>
		<key>66E16D1816EF674400CA7F33</key>
		<dict>
			<key>children</key>
			<array>
				<string>66E16D1916EF674400CA7F33</string>
			</array>
			<key>isa</key>
			<string>PBXVariantGroup</string>
			<key>name</key>
			<string>InfoPlist.strings</string>
			<key>sourceTree</key>
			<string>&lt;group&gt;</string>
		</dict>
		<key>66E16D1916EF674400CA7F33</key>
		<dict>
			<key>isa</key>
			<string>PBXFileReference</string>
			<key>lastKnownFileType</key>
			<string>text.plist.strings</string>
			<key>name</key>
			<string>en</string>
			<key>path</key>
			<string>en.lproj/InfoPlist.strings</string>
			<key>sourceTree</key>
			<string>&lt;group&gt;</string>
		</dict>
		<key>66E16D1A16EF674400CA7F33</key>
		<dict>
			<key>fileRef</key>
			<string>66E16D1816EF674400CA7F33</string>
			<key>isa</key>
			<string>PBXBuildFile</string>
		</dict>
		<key>66E16D1B16EF674400CA7F33</key>
		<dict>
			<key>isa</key>
			<string>PBXFileReference</string>
			<key>lastKnownFileType</key>
			<string>sourcecode.c.h</string>
			<key>path</key>
			<string>ObjectiveFRAP-Prefix.pch</string>
			<key>sourceTree</key>
			<string>&lt;group&gt;</string>
		</dict>
		<key>66E16D1F16EF674400CA7F33</key>
		<dict>
			<key>buildActionMask</key>
			<string>2147483647</string>
			<key>files</key>
			<array>
				<string>66E16D3316EF674400CA7F33</string>
			</array>
			<key>isa</key>
			<string>PBXSourcesBuildPhase</string>
			<key>runOnlyForDeploymentPostprocessing</key>
			<string>0</string>
		</dict>
		<key>66E16D2016EF674400CA7F33</key>
		<dict>
			<key>buildActionMask</key>
			<string>2147483647</string>
			<key>files</key>
			<array>
				<string>66E16D2616EF674400CA7F33</string>
				<string>66E16D2716EF674400CA7F33</string>
				<string>66E16D2A16EF674400CA7F33</string>
			</array>
			<key>isa</key>
			<string>PBXFrameworksBuildPhase</string>
			<key>runOnlyForDeploymentPostprocessing</key>
			<string>0</string>
		</dict>
		<key>66E16D2116EF674400CA7F33</key>
		<dict>
			<key>buildActionMask</key>
			<string>2147483647</string>
			<key>files</key>
			<array>
				<string>66E16D3016EF674400CA7F33</string>
			</array>
			<key>isa</key>
			<string>PBXResourcesBuildPhase</string>
			<key>runOnlyForDeploymentPostprocessing</key>
			<string>0</string>
		</dict>
		<key>66E16D2216EF674400CA7F33</key>
		<dict>
			<key>buildActionMask</key>
			<string>2147483647</string>
			<key>files</key>
			<array/>
			<key>inputPaths</key>
			<array/>
			<key>isa</key>
			<string>PBXShellScriptBuildPhase</string>
			<key>outputPaths</key>
			<array/>
			<key>runOnlyForDeploymentPostprocessing</key>
			<string>0</string>
			<key>shellPath</key>
			<string>/bin/sh</string>
			<key>shellScript</key>
			<string># Run the unit tests in this test bundle.
"${SYSTEM_DEVELOPER_DIR}/Tools/RunUnitTests"
</string>
		</dict>
		<key>66E16D2316EF674400CA7F33</key>
		<dict>
			<key>buildConfigurationList</key>
			<string>66E16D3916EF674400CA7F33</string>
			<key>buildPhases</key>
			<array>
				<string>66E16D1F16EF674400CA7F33</string>
				<string>66E16D2016EF674400CA7F33</string>
				<string>66E16D2116EF674400CA7F33</string>
				<string>66E16D2216EF674400CA7F33</string>
			</array>
			<key>buildRules</key>
			<array/>
			<key>dependencies</key>
			<array>
				<string>66E16D2916EF674400CA7F33</string>
			</array>
			<key>isa</key>
			<string>PBXNativeTarget</string>
			<key>name</key>
			<string>ObjectiveFRAP Mac OS X Tests</string>
			<key>productName</key>
			<string>ObjectiveFRAPTests</string>
			<key>productReference</key>
			<string>66E16D2416EF674400CA7F33</string>
			<key>productType</key>
			<string>com.apple.product-type.bundle</string>
		</dict>
		<key>66E16D2416EF674400CA7F33</key>
		<dict>
			<key>explicitFileType</key>
			<string>wrapper.cfbundle</string>
			<key>includeInIndex</key>
			<string>0</string>
			<key>isa</key>
			<string>PBXFileReference</string>
			<key>path</key>
			<string>ObjectiveFRAP Mac OS X Tests.octest</string>
			<key>sourceTree</key>
			<string>BUILT_PRODUCTS_DIR</string>
		</dict>
		<key>66E16D2516EF674400CA7F33</key>
		<dict>
			<key>isa</key>
			<string>PBXFileReference</string>
			<key>lastKnownFileType</key>
			<string>wrapper.framework</string>
			<key>name</key>
			<string>SenTestingKit.framework</string>
			<key>path</key>
			<string>Library/Frameworks/SenTestingKit.framework</string>
			<key>sourceTree</key>
			<string>DEVELOPER_DIR</string>
		</dict>
		<key>66E16D2616EF674400CA7F33</key>
		<dict>
			<key>fileRef</key>
			<string>66E16D2516EF674400CA7F33</string>
			<key>isa</key>
			<string>PBXBuildFile</string>
		</dict>
		<key>66E16D2716EF674400CA7F33</key>
		<dict>
			<key>fileRef</key>
			<string>66E16D0F16EF674400CA7F33</string>
			<key>isa</key>
			<string>PBXBuildFile</string>
		</dict>
		<key>66E16D2816EF674400CA7F33</key>
		<dict>
			<key>containerPortal</key>
			<string>66E16D0316EF674400CA7F33</string>
			<key>isa</key>
			<string>PBXContainerItemProxy</string>
			<key>proxyType</key>
			<string>1</string>
			<key>remoteGlobalIDString</key>
			<string>66E16D0B16EF674400CA7F33</string>
			<key>remoteInfo</key>
			<string>ObjectiveFRAP</string>
		</dict>
		<key>66E16D2916EF674400CA7F33</key>
		<dict>
			<key>isa</key>
			<string>PBXTargetDependency</string>
			<key>target</key>
			<string>66E16D0B16EF674400CA7F33</string>
			<key>targetProxy</key>
			<string>66E16D2816EF674400CA7F33</string>
		</dict>
		<key>66E16D2A16EF674400CA7F33</key>
		<dict>
			<key>fileRef</key>
			<string>66E16D0C16EF674400CA7F33</string>
			<key>isa</key>
			<string>PBXBuildFile</string>
		</dict>
		<key>66E16D2B16EF674400CA7F33</key>
		<dict>
			<key>children</key>
			<array>
				<string>66E16D3116EF674400CA7F33</string>
				<string>66E16D3216EF674400CA7F33</string>
				<string>66E16D2C16EF674400CA7F33</string>
			</array>
			<key>isa</key>
			<string>PBXGroup</string>
			<key>path</key>
			<string>ObjectiveFRAPTests</string>
			<key>sourceTree</key>
			<string>&lt;group&gt;</string>
		</dict>
		<key>66E16D2C16EF674400CA7F33</key>
		<dict>
			<key>children</key>
			<array>
				<string>66E16D2D16EF674400CA7F33</string>
				<string>66E16D2E16EF674400CA7F33</string>
			</array>
			<key>isa</key>
			<string>PBXGroup</string>
			<key>name</key>
			<string>Supporting Files</string>
			<key>sourceTree</key>
			<string>&lt;group&gt;</string>
		</dict>
		<key>66E16D2D16EF674400CA7F33</key>
		<dict>
			<key>isa</key>
			<string>PBXFileReference</string>
			<key>lastKnownFileType</key>
			<string>text.plist.xml</string>
			<key>path</key>
			<string>ObjectiveFRAPTests-Info.plist</string>
			<key>sourceTree</key>
			<string>&lt;group&gt;</string>
		</dict>
		<key>66E16D2E16EF674400CA7F33</key>
		<dict>
			<key>children</key>
			<array>
				<string>66E16D2F16EF674400CA7F33</string>
			</array>
			<key>isa</key>
			<string>PBXVariantGroup</string>
			<key>name</key>
			<string>InfoPlist.strings</string>
			<key>sourceTree</key>
			<string>&lt;group&gt;</string>
		</dict>
		<key>66E16D2F16EF674400CA7F33</key>
		<dict>
			<key>isa</key>
			<string>PBXFileReference</string>
			<key>lastKnownFileType</key>
			<string>text.plist.strings</string>
			<key>name</key>
			<string>en</string>
			<key>path</key>
			<string>en.lproj/InfoPlist.strings</string>
			<key>sourceTree</key>
			<string>&lt;group&gt;</string>
		</dict>
		<key>66E16D3016EF674400CA7F33</key>
		<dict>
			<key>fileRef</key>
			<string>66E16D2E16EF674400CA7F33</string>
			<key>isa</key>
			<string>PBXBuildFile</string>
		</dict>
		<key>66E16D3116EF674400CA7F33</key>
		<dict>
			<key>isa</key>
			<string>PBXFileReference</string>
			<key>lastKnownFileType</key>
			<string>sourcecode.c.h</string>
			<key>path</key>
			<string>ObjectiveFRAPTests.h</string>
			<key>sourceTree</key>
			<string>&lt;group&gt;</string>
		</dict>
		<key>66E16D3216EF674400CA7F33</key>
		<dict>
			<key>isa</key>
			<string>PBXFileReference</string>
			<key>lastKnownFileType</key>
			<string>sourcecode.c.objc</string>
			<key>path</key>
			<string>ObjectiveFRAPTests.m</string>
			<key>sourceTree</key>
			<string>&lt;group&gt;</string>
		</dict>
		<key>66E16D3316EF674400CA7F33</key>
		<dict>
			<key>fileRef</key>
			<string>66E16D3216EF674400CA7F33</string>
			<key>isa</key>
			<string>PBXBuildFile</string>
		</dict>
		<key>66E16D3416EF674400CA7F33</key>
		<dict>
			<key>baseConfigurationReference</key>
			<string>567267D5C5584C0491E4D3E0</string>
			<key>buildSettings</key>
			<dict>
				<key>ALWAYS_SEARCH_USER_PATHS</key>
				<string>NO</string>
				<key>CLANG_CXX_LANGUAGE_STANDARD</key>
				<string>gnu++0x</string>
				<key>CLANG_CXX_LIBRARY</key>
				<string>libc++</string>
				<key>CLANG_ENABLE_OBJC_ARC</key>
				<string>YES</string>
				<key>CLANG_WARN_CONSTANT_CONVERSION</key>
				<string>YES</string>
				<key>CLANG_WARN_EMPTY_BODY</key>
				<string>YES</string>
				<key>CLANG_WARN_ENUM_CONVERSION</key>
				<string>YES</string>
				<key>CLANG_WARN_INT_CONVERSION</key>
				<string>YES</string>
				<key>CLANG_WARN__DUPLICATE_METHOD_MATCH</key>
				<string>YES</string>
				<key>COPY_PHASE_STRIP</key>
				<string>NO</string>
				<key>GCC_C_LANGUAGE_STANDARD</key>
				<string>gnu99</string>
				<key>GCC_DYNAMIC_NO_PIC</key>
				<string>NO</string>
				<key>GCC_ENABLE_OBJC_EXCEPTIONS</key>
				<string>YES</string>
				<key>GCC_OPTIMIZATION_LEVEL</key>
				<string>0</string>
				<key>GCC_PREPROCESSOR_DEFINITIONS</key>
				<array>
					<string>DEBUG=1</string>
					<string>$(inherited)</string>
				</array>
				<key>GCC_SYMBOLS_PRIVATE_EXTERN</key>
				<string>NO</string>
				<key>GCC_WARN_64_TO_32_BIT_CONVERSION</key>
				<string>YES</string>
				<key>GCC_WARN_ABOUT_RETURN_TYPE</key>
				<string>YES</string>
				<key>GCC_WARN_UNINITIALIZED_AUTOS</key>
				<string>YES</string>
				<key>GCC_WARN_UNUSED_VARIABLE</key>
				<string>YES</string>
				<key>MACOSX_DEPLOYMENT_TARGET</key>
				<string>10.8</string>
				<key>ONLY_ACTIVE_ARCH</key>
				<string>YES</string>
				<key>OTHER_LDFLAGS</key>
				<string>$(inherited)</string>
				<key>SDKROOT</key>
				<string>macosx</string>
			</dict>
			<key>isa</key>
			<string>XCBuildConfiguration</string>
			<key>name</key>
			<string>Debug</string>
		</dict>
		<key>66E16D3516EF674400CA7F33</key>
		<dict>
			<key>baseConfigurationReference</key>
			<string>567267D5C5584C0491E4D3E0</string>
			<key>buildSettings</key>
			<dict>
				<key>ALWAYS_SEARCH_USER_PATHS</key>
				<string>NO</string>
				<key>CLANG_CXX_LANGUAGE_STANDARD</key>
				<string>gnu++0x</string>
				<key>CLANG_CXX_LIBRARY</key>
				<string>libc++</string>
				<key>CLANG_ENABLE_OBJC_ARC</key>
				<string>YES</string>
				<key>CLANG_WARN_CONSTANT_CONVERSION</key>
				<string>YES</string>
				<key>CLANG_WARN_EMPTY_BODY</key>
				<string>YES</string>
				<key>CLANG_WARN_ENUM_CONVERSION</key>
				<string>YES</string>
				<key>CLANG_WARN_INT_CONVERSION</key>
				<string>YES</string>
				<key>CLANG_WARN__DUPLICATE_METHOD_MATCH</key>
				<string>YES</string>
				<key>COPY_PHASE_STRIP</key>
				<string>YES</string>
				<key>DEBUG_INFORMATION_FORMAT</key>
				<string>dwarf-with-dsym</string>
				<key>GCC_C_LANGUAGE_STANDARD</key>
				<string>gnu99</string>
				<key>GCC_ENABLE_OBJC_EXCEPTIONS</key>
				<string>YES</string>
				<key>GCC_WARN_64_TO_32_BIT_CONVERSION</key>
				<string>YES</string>
				<key>GCC_WARN_ABOUT_RETURN_TYPE</key>
				<string>YES</string>
				<key>GCC_WARN_UNINITIALIZED_AUTOS</key>
				<string>YES</string>
				<key>GCC_WARN_UNUSED_VARIABLE</key>
				<string>YES</string>
				<key>MACOSX_DEPLOYMENT_TARGET</key>
				<string>10.8</string>
				<key>OTHER_LDFLAGS</key>
				<string>$(inherited)</string>
				<key>SDKROOT</key>
				<string>macosx</string>
			</dict>
			<key>isa</key>
			<string>XCBuildConfiguration</string>
			<key>name</key>
			<string>Release</string>
		</dict>
		<key>66E16D3616EF674400CA7F33</key>
		<dict>
			<key>buildConfigurations</key>
			<array>
				<string>66E16D3716EF674400CA7F33</string>
				<string>66E16D3816EF674400CA7F33</string>
			</array>
			<key>defaultConfigurationIsVisible</key>
			<string>0</string>
			<key>defaultConfigurationName</key>
			<string>Release</string>
			<key>isa</key>
			<string>XCConfigurationList</string>
		</dict>
		<key>66E16D3716EF674400CA7F33</key>
		<dict>
			<key>baseConfigurationReference</key>
			<string>F055F7B72AD246CB9801AB2C</string>
			<key>buildSettings</key>
			<dict>
				<key>COMBINE_HIDPI_IMAGES</key>
				<string>YES</string>
				<key>DYLIB_COMPATIBILITY_VERSION</key>
				<string>1</string>
				<key>DYLIB_CURRENT_VERSION</key>
				<string>1</string>
				<key>FRAMEWORK_VERSION</key>
				<string>A</string>
				<key>GCC_PRECOMPILE_PREFIX_HEADER</key>
				<string>YES</string>
				<key>GCC_PREFIX_HEADER</key>
				<string>ObjectiveFRAP/ObjectiveFRAP-Prefix.pch</string>
				<key>INFOPLIST_FILE</key>
				<string>ObjectiveFRAP/ObjectiveFRAP-Info.plist</string>
				<key>MACOSX_DEPLOYMENT_TARGET</key>
				<string>10.7</string>
				<key>OTHER_LDFLAGS</key>
				<string>$(inherited)</string>
				<key>PRODUCT_NAME</key>
				<string>$(TARGET_NAME)</string>
				<key>WRAPPER_EXTENSION</key>
				<string>framework</string>
			</dict>
			<key>isa</key>
			<string>XCBuildConfiguration</string>
			<key>name</key>
			<string>Debug</string>
		</dict>
		<key>66E16D3816EF674400CA7F33</key>
		<dict>
			<key>baseConfigurationReference</key>
			<string>F055F7B72AD246CB9801AB2C</string>
			<key>buildSettings</key>
			<dict>
				<key>COMBINE_HIDPI_IMAGES</key>
				<string>YES</string>
				<key>DYLIB_COMPATIBILITY_VERSION</key>
				<string>1</string>
				<key>DYLIB_CURRENT_VERSION</key>
				<string>1</string>
				<key>FRAMEWORK_VERSION</key>
				<string>A</string>
				<key>GCC_PRECOMPILE_PREFIX_HEADER</key>
				<string>YES</string>
				<key>GCC_PREFIX_HEADER</key>
				<string>ObjectiveFRAP/ObjectiveFRAP-Prefix.pch</string>
				<key>INFOPLIST_FILE</key>
				<string>ObjectiveFRAP/ObjectiveFRAP-Info.plist</string>
				<key>MACOSX_DEPLOYMENT_TARGET</key>
				<string>10.7</string>
				<key>OTHER_LDFLAGS</key>
				<string>$(inherited)</string>
				<key>PRODUCT_NAME</key>
				<string>$(TARGET_NAME)</string>
				<key>WRAPPER_EXTENSION</key>
				<string>framework</string>
			</dict>
			<key>isa</key>
			<string>XCBuildConfiguration</string>
			<key>name</key>
			<string>Release</string>
		</dict>
		<key>66E16D3916EF674400CA7F33</key>
		<dict>
			<key>buildConfigurations</key>
			<array>
				<string>66E16D3A16EF674400CA7F33</string>
				<string>66E16D3B16EF674400CA7F33</string>
			</array>
			<key>defaultConfigurationIsVisible</key>
			<string>0</string>
			<key>defaultConfigurationName</key>
			<string>Release</string>
			<key>isa</key>
			<string>XCConfigurationList</string>
		</dict>
		<key>66E16D3A16EF674400CA7F33</key>
		<dict>
			<key>baseConfigurationReference</key>
			<string>567267D5C5584C0491E4D3E0</string>
			<key>buildSettings</key>
			<dict>
				<key>COMBINE_HIDPI_IMAGES</key>
				<string>YES</string>
				<key>FRAMEWORK_SEARCH_PATHS</key>
				<string>"$(DEVELOPER_LIBRARY_DIR)/Frameworks"</string>
				<key>GCC_PRECOMPILE_PREFIX_HEADER</key>
				<string>YES</string>
				<key>GCC_PREFIX_HEADER</key>
				<string>ObjectiveFRAP/ObjectiveFRAP-Prefix.pch</string>
				<key>INFOPLIST_FILE</key>
				<string>ObjectiveFRAPTests/ObjectiveFRAPTests-Info.plist</string>
				<key>PRODUCT_NAME</key>
				<string>$(TARGET_NAME)</string>
				<key>WRAPPER_EXTENSION</key>
				<string>octest</string>
			</dict>
			<key>isa</key>
			<string>XCBuildConfiguration</string>
			<key>name</key>
			<string>Debug</string>
		</dict>
		<key>66E16D3B16EF674400CA7F33</key>
		<dict>
			<key>baseConfigurationReference</key>
			<string>567267D5C5584C0491E4D3E0</string>
			<key>buildSettings</key>
			<dict>
				<key>COMBINE_HIDPI_IMAGES</key>
				<string>YES</string>
				<key>FRAMEWORK_SEARCH_PATHS</key>
				<string>"$(DEVELOPER_LIBRARY_DIR)/Frameworks"</string>
				<key>GCC_PRECOMPILE_PREFIX_HEADER</key>
				<string>YES</string>
				<key>GCC_PREFIX_HEADER</key>
				<string>ObjectiveFRAP/ObjectiveFRAP-Prefix.pch</string>
				<key>INFOPLIST_FILE</key>
				<string>ObjectiveFRAPTests/ObjectiveFRAPTests-Info.plist</string>
				<key>PRODUCT_NAME</key>
				<string>$(TARGET_NAME)</string>
				<key>WRAPPER_EXTENSION</key>
				<string>octest</string>
			</dict>
			<key>isa</key>
			<string>XCBuildConfiguration</string>
			<key>name</key>
			<string>Release</string>
		</dict>
		<key>66E16D3C16EF675500CA7F33</key>
		<dict>
			<key>fileEncoding</key>
			<string>4</string>
			<key>isa</key>
			<string>PBXFileReference</string>
			<key>lastKnownFileType</key>
			<string>sourcecode.c.h</string>
			<key>path</key>
			<string>FrapEndpoint.h</string>
			<key>sourceTree</key>
			<string>&lt;group&gt;</string>
		</dict>
		<key>66E16D3D16EF675500CA7F33</key>
		<dict>
			<key>fileEncoding</key>
			<string>4</string>
			<key>isa</key>
			<string>PBXFileReference</string>
			<key>lastKnownFileType</key>
			<string>sourcecode.c.objc</string>
			<key>path</key>
			<string>FrapEndpoint.m</string>
			<key>sourceTree</key>
			<string>&lt;group&gt;</string>
		</dict>
		<key>66E16D3E16EF675500CA7F33</key>
		<dict>
			<key>fileEncoding</key>
			<string>4</string>
			<key>isa</key>
			<string>PBXFileReference</string>
			<key>lastKnownFileType</key>
			<string>sourcecode.c.h</string>
			<key>path</key>
			<string>FrapEndpointConnectionDelegate.h</string>
			<key>sourceTree</key>
			<string>&lt;group&gt;</string>
		</dict>
		<key>66E16D3F16EF675500CA7F33</key>
		<dict>
			<key>fileEncoding</key>
			<string>4</string>
			<key>isa</key>
			<string>PBXFileReference</string>
			<key>lastKnownFileType</key>
			<string>sourcecode.c.h</string>
			<key>path</key>
			<string>FrapEndpointDelegate.h</string>
			<key>sourceTree</key>
			<string>&lt;group&gt;</string>
		</dict>
		<key>66E16D4016EF675500CA7F33</key>
		<dict>
			<key>fileEncoding</key>
			<string>4</string>
			<key>isa</key>
			<string>PBXFileReference</string>
			<key>lastKnownFileType</key>
			<string>sourcecode.c.h</string>
			<key>path</key>
			<string>FrapMessages.h</string>
			<key>sourceTree</key>
			<string>&lt;group&gt;</string>
		</dict>
		<key>66E16D4116EF675500CA7F33</key>
		<dict>
			<key>fileEncoding</key>
			<string>4</string>
			<key>isa</key>
			<string>PBXFileReference</string>
			<key>lastKnownFileType</key>
			<string>sourcecode.c.objc</string>
			<key>path</key>
			<string>FrapMessages.m</string>
			<key>sourceTree</key>
			<string>&lt;group&gt;</string>
		</dict>
		<key>66E16D4216EF675500CA7F33</key>
		<dict>
			<key>fileEncoding</key>
			<string>4</string>
			<key>isa</key>
			<string>PBXFileReference</string>
			<key>lastKnownFileType</key>
			<string>sourcecode.c.h</string>
			<key>path</key>
			<string>FrapSharedObject.h</string>
			<key>sourceTree</key>
			<string>&lt;group&gt;</string>
		</dict>
		<key>66E16D4316EF675500CA7F33</key>
		<dict>
			<key>fileEncoding</key>
			<string>4</string>
			<key>isa</key>
			<string>PBXFileReference</string>
			<key>lastKnownFileType</key>
			<string>sourcecode.c.objc</string>
			<key>path</key>
			<string>FrapSharedObject.m</string>
			<key>sourceTree</key>
			<string>&lt;group&gt;</string>
		</dict>
		<key>66E16D4416EF675500CA7F33</key>
		<dict>
			<key>fileEncoding</key>
			<string>4</string>
			<key>isa</key>
			<string>PBXFileReference</string>
			<key>lastKnownFileType</key>
			<string>sourcecode.c.h</string>
			<key>path</key>
			<string>FrdlParser.h</string>
			<key>sourceTree</key>
			<string>&lt;group&gt;</string>
		</dict>
		<key>66E16D4516EF675500CA7F33</key>
		<dict>
			<key>fileEncoding</key>
			<string>4</string>
			<key>isa</key>
			<string>PBXFileReference</string>
			<key>lastKnownFileType</key>
			<string>sourcecode.c.objc</string>
			<key>path</key>
			<string>FrdlParser.m</string>
			<key>sourceTree</key>
			<string>&lt;group&gt;</string>
		</dict>
		<key>66E16D4616EF675500CA7F33</key>
		<dict>
			<key>fileRef</key>
			<string>66E16D3C16EF675500CA7F33</string>
			<key>isa</key>
			<string>PBXBuildFile</string>
		</dict>
		<key>66E16D4716EF675500CA7F33</key>
		<dict>
			<key>fileRef</key>
			<string>66E16D3D16EF675500CA7F33</string>
			<key>isa</key>
			<string>PBXBuildFile</string>
		</dict>
		<key>66E16D4816EF675500CA7F33</key>
		<dict>
			<key>fileRef</key>
			<string>66E16D3E16EF675500CA7F33</string>
			<key>isa</key>
			<string>PBXBuildFile</string>
		</dict>
		<key>66E16D4916EF675500CA7F33</key>
		<dict>
			<key>fileRef</key>
			<string>66E16D3F16EF675500CA7F33</string>
			<key>isa</key>
			<string>PBXBuildFile</string>
		</dict>
		<key>66E16D4A16EF675500CA7F33</key>
		<dict>
			<key>fileRef</key>
			<string>66E16D4016EF675500CA7F33</string>
			<key>isa</key>
			<string>PBXBuildFile</string>
		</dict>
		<key>66E16D4B16EF675500CA7F33</key>
		<dict>
			<key>fileRef</key>
			<string>66E16D4116EF675500CA7F33</string>
			<key>isa</key>
			<string>PBXBuildFile</string>
		</dict>
		<key>66E16D4C16EF675500CA7F33</key>
		<dict>
			<key>fileRef</key>
			<string>66E16D4216EF675500CA7F33</string>
			<key>isa</key>
			<string>PBXBuildFile</string>
		</dict>
		<key>66E16D4D16EF675500CA7F33</key>
		<dict>
			<key>fileRef</key>
			<string>66E16D4316EF675500CA7F33</string>
			<key>isa</key>
			<string>PBXBuildFile</string>
		</dict>
		<key>66E16D4E16EF675500CA7F33</key>
		<dict>
			<key>fileRef</key>
			<string>66E16D4416EF675500CA7F33</string>
			<key>isa</key>
			<string>PBXBuildFile</string>
		</dict>
		<key>66E16D4F16EF675500CA7F33</key>
		<dict>
			<key>fileRef</key>
			<string>66E16D4516EF675500CA7F33</string>
			<key>isa</key>
			<string>PBXBuildFile</string>
		</dict>
		<key>66E16D5016EF679400CA7F33</key>
		<dict>
			<key>buildActionMask</key>
			<string>2147483647</string>
			<key>files</key>
			<array>
				<string>66E16D7A16EF67CB00CA7F33</string>
				<string>66E16D7B16EF67CB00CA7F33</string>
				<string>66E16D7C16EF67CB00CA7F33</string>
				<string>66E16D7D16EF67CB00CA7F33</string>
				<string>6611CE121906B64A0049874E</string>
				<string>6611CE181906D7310049874E</string>
				<string>6642073416EF7F0E0088597B</string>
			</array>
			<key>isa</key>
			<string>PBXSourcesBuildPhase</string>
			<key>runOnlyForDeploymentPostprocessing</key>
			<string>0</string>
		</dict>
		<key>66E16D5116EF679400CA7F33</key>
		<dict>
			<key>buildActionMask</key>
			<string>2147483647</string>
			<key>files</key>
			<array>
				<string>66E16D5616EF679400CA7F33</string>
				<string>FC8A14C6C1A748789F12F88C</string>
			</array>
			<key>isa</key>
			<string>PBXFrameworksBuildPhase</string>
			<key>runOnlyForDeploymentPostprocessing</key>
			<string>0</string>
		</dict>
		<key>66E16D5216EF679400CA7F33</key>
		<dict>
			<key>buildActionMask</key>
			<string>2147483647</string>
			<key>dstPath</key>
			<string>include/${PRODUCT_NAME}</string>
			<key>dstSubfolderSpec</key>
			<string>16</string>
			<key>files</key>
			<array/>
			<key>isa</key>
			<string>PBXCopyFilesBuildPhase</string>
			<key>runOnlyForDeploymentPostprocessing</key>
			<string>0</string>
		</dict>
		<key>66E16D5316EF679400CA7F33</key>
		<dict>
			<key>buildConfigurationList</key>
			<string>66E16D7416EF679400CA7F33</string>
			<key>buildPhases</key>
			<array>
				<string>E8653CC9F56E4F80A2E617B0</string>
				<string>66E16D5016EF679400CA7F33</string>
				<string>66E16D5116EF679400CA7F33</string>
				<string>66E16D5216EF679400CA7F33</string>
				<string>0F64D72DE0364BCE8BCA22C0</string>
			</array>
			<key>buildRules</key>
			<array/>
			<key>dependencies</key>
			<array/>
			<key>isa</key>
			<string>PBXNativeTarget</string>
			<key>name</key>
			<string>ObjectiveFRAP iOS</string>
			<key>productName</key>
			<string>ObjectiveFRAP iOS</string>
			<key>productReference</key>
			<string>66E16D5416EF679400CA7F33</string>
			<key>productType</key>
			<string>com.apple.product-type.library.static</string>
		</dict>
		<key>66E16D5416EF679400CA7F33</key>
		<dict>
			<key>explicitFileType</key>
			<string>archive.ar</string>
			<key>includeInIndex</key>
			<string>0</string>
			<key>isa</key>
			<string>PBXFileReference</string>
			<key>path</key>
			<string>libObjectiveFRAP iOS.a</string>
			<key>sourceTree</key>
			<string>BUILT_PRODUCTS_DIR</string>
		</dict>
		<key>66E16D5516EF679400CA7F33</key>
		<dict>
			<key>isa</key>
			<string>PBXFileReference</string>
			<key>lastKnownFileType</key>
			<string>wrapper.framework</string>
			<key>name</key>
			<string>Foundation.framework</string>
			<key>path</key>
			<string>System/Library/Frameworks/Foundation.framework</string>
			<key>sourceTree</key>
			<string>SDKROOT</string>
		</dict>
		<key>66E16D5616EF679400CA7F33</key>
		<dict>
			<key>fileRef</key>
			<string>66E16D5516EF679400CA7F33</string>
			<key>isa</key>
			<string>PBXBuildFile</string>
		</dict>
		<key>66E16D5716EF679400CA7F33</key>
		<dict>
			<key>children</key>
			<array>
				<string>66E16D5916EF679400CA7F33</string>
			</array>
			<key>isa</key>
			<string>PBXGroup</string>
			<key>path</key>
			<string>ObjectiveFRAP iOS</string>
			<key>sourceTree</key>
			<string>&lt;group&gt;</string>
		</dict>
		<key>66E16D5916EF679400CA7F33</key>
		<dict>
			<key>isa</key>
			<string>PBXFileReference</string>
			<key>lastKnownFileType</key>
			<string>sourcecode.c.h</string>
			<key>path</key>
			<string>ObjectiveFRAP iOS-Prefix.pch</string>
			<key>sourceTree</key>
			<string>&lt;group&gt;</string>
		</dict>
		<key>66E16D5E16EF679400CA7F33</key>
		<dict>
			<key>buildActionMask</key>
			<string>2147483647</string>
			<key>files</key>
			<array>
				<string>66E16D7316EF679400CA7F33</string>
			</array>
			<key>isa</key>
			<string>PBXSourcesBuildPhase</string>
			<key>runOnlyForDeploymentPostprocessing</key>
			<string>0</string>
		</dict>
		<key>66E16D5F16EF679400CA7F33</key>
		<dict>
			<key>buildActionMask</key>
			<string>2147483647</string>
			<key>files</key>
			<array>
				<string>66E16D6416EF679400CA7F33</string>
				<string>66E16D6616EF679400CA7F33</string>
				<string>66E16D6716EF679400CA7F33</string>
				<string>66E16D6A16EF679400CA7F33</string>
			</array>
			<key>isa</key>
			<string>PBXFrameworksBuildPhase</string>
			<key>runOnlyForDeploymentPostprocessing</key>
			<string>0</string>
		</dict>
		<key>66E16D6016EF679400CA7F33</key>
		<dict>
			<key>buildActionMask</key>
			<string>2147483647</string>
			<key>files</key>
			<array>
				<string>66E16D7016EF679400CA7F33</string>
			</array>
			<key>isa</key>
			<string>PBXResourcesBuildPhase</string>
			<key>runOnlyForDeploymentPostprocessing</key>
			<string>0</string>
		</dict>
		<key>66E16D6116EF679400CA7F33</key>
		<dict>
			<key>buildActionMask</key>
			<string>2147483647</string>
			<key>files</key>
			<array/>
			<key>inputPaths</key>
			<array/>
			<key>isa</key>
			<string>PBXShellScriptBuildPhase</string>
			<key>outputPaths</key>
			<array/>
			<key>runOnlyForDeploymentPostprocessing</key>
			<string>0</string>
			<key>shellPath</key>
			<string>/bin/sh</string>
			<key>shellScript</key>
			<string># Run the unit tests in this test bundle.
"${SYSTEM_DEVELOPER_DIR}/Tools/RunUnitTests"
</string>
		</dict>
		<key>66E16D6216EF679400CA7F33</key>
		<dict>
			<key>buildConfigurationList</key>
			<string>66E16D7716EF679400CA7F33</string>
			<key>buildPhases</key>
			<array>
				<string>66E16D5E16EF679400CA7F33</string>
				<string>66E16D5F16EF679400CA7F33</string>
				<string>66E16D6016EF679400CA7F33</string>
				<string>66E16D6116EF679400CA7F33</string>
			</array>
			<key>buildRules</key>
			<array/>
			<key>dependencies</key>
			<array>
				<string>66E16D6916EF679400CA7F33</string>
			</array>
			<key>isa</key>
			<string>PBXNativeTarget</string>
			<key>name</key>
			<string>ObjectiveFRAP iOS Tests</string>
			<key>productName</key>
			<string>ObjectiveFRAP iOSTests</string>
			<key>productReference</key>
			<string>66E16D6316EF679400CA7F33</string>
			<key>productType</key>
			<string>com.apple.product-type.bundle</string>
		</dict>
		<key>66E16D6316EF679400CA7F33</key>
		<dict>
			<key>explicitFileType</key>
			<string>wrapper.cfbundle</string>
			<key>includeInIndex</key>
			<string>0</string>
			<key>isa</key>
			<string>PBXFileReference</string>
			<key>path</key>
			<string>ObjectiveFRAP iOS Tests.octest</string>
			<key>sourceTree</key>
			<string>BUILT_PRODUCTS_DIR</string>
		</dict>
		<key>66E16D6416EF679400CA7F33</key>
		<dict>
			<key>fileRef</key>
			<string>66E16D2516EF674400CA7F33</string>
			<key>isa</key>
			<string>PBXBuildFile</string>
		</dict>
		<key>66E16D6516EF679400CA7F33</key>
		<dict>
			<key>isa</key>
			<string>PBXFileReference</string>
			<key>lastKnownFileType</key>
			<string>wrapper.framework</string>
			<key>name</key>
			<string>UIKit.framework</string>
			<key>path</key>
			<string>Library/Frameworks/UIKit.framework</string>
			<key>sourceTree</key>
			<string>DEVELOPER_DIR</string>
		</dict>
		<key>66E16D6616EF679400CA7F33</key>
		<dict>
			<key>fileRef</key>
			<string>66E16D6516EF679400CA7F33</string>
			<key>isa</key>
			<string>PBXBuildFile</string>
		</dict>
		<key>66E16D6716EF679400CA7F33</key>
		<dict>
			<key>fileRef</key>
			<string>66E16D5516EF679400CA7F33</string>
			<key>isa</key>
			<string>PBXBuildFile</string>
		</dict>
		<key>66E16D6816EF679400CA7F33</key>
		<dict>
			<key>containerPortal</key>
			<string>66E16D0316EF674400CA7F33</string>
			<key>isa</key>
			<string>PBXContainerItemProxy</string>
			<key>proxyType</key>
			<string>1</string>
			<key>remoteGlobalIDString</key>
			<string>66E16D5316EF679400CA7F33</string>
			<key>remoteInfo</key>
			<string>ObjectiveFRAP iOS</string>
		</dict>
		<key>66E16D6916EF679400CA7F33</key>
		<dict>
			<key>isa</key>
			<string>PBXTargetDependency</string>
			<key>target</key>
			<string>66E16D5316EF679400CA7F33</string>
			<key>targetProxy</key>
			<string>66E16D6816EF679400CA7F33</string>
		</dict>
		<key>66E16D6A16EF679400CA7F33</key>
		<dict>
			<key>fileRef</key>
			<string>66E16D5416EF679400CA7F33</string>
			<key>isa</key>
			<string>PBXBuildFile</string>
		</dict>
		<key>66E16D6B16EF679400CA7F33</key>
		<dict>
			<key>children</key>
			<array>
				<string>66E16D7116EF679400CA7F33</string>
				<string>66E16D7216EF679400CA7F33</string>
				<string>66E16D6C16EF679400CA7F33</string>
			</array>
			<key>isa</key>
			<string>PBXGroup</string>
			<key>path</key>
			<string>ObjectiveFRAP iOSTests</string>
			<key>sourceTree</key>
			<string>&lt;group&gt;</string>
		</dict>
		<key>66E16D6C16EF679400CA7F33</key>
		<dict>
			<key>children</key>
			<array>
				<string>66E16D6D16EF679400CA7F33</string>
				<string>66E16D6E16EF679400CA7F33</string>
			</array>
			<key>isa</key>
			<string>PBXGroup</string>
			<key>name</key>
			<string>Supporting Files</string>
			<key>sourceTree</key>
			<string>&lt;group&gt;</string>
		</dict>
		<key>66E16D6D16EF679400CA7F33</key>
		<dict>
			<key>isa</key>
			<string>PBXFileReference</string>
			<key>lastKnownFileType</key>
			<string>text.plist.xml</string>
			<key>path</key>
			<string>ObjectiveFRAP iOSTests-Info.plist</string>
			<key>sourceTree</key>
			<string>&lt;group&gt;</string>
		</dict>
		<key>66E16D6E16EF679400CA7F33</key>
		<dict>
			<key>children</key>
			<array>
				<string>66E16D6F16EF679400CA7F33</string>
			</array>
			<key>isa</key>
			<string>PBXVariantGroup</string>
			<key>name</key>
			<string>InfoPlist.strings</string>
			<key>sourceTree</key>
			<string>&lt;group&gt;</string>
		</dict>
		<key>66E16D6F16EF679400CA7F33</key>
		<dict>
			<key>isa</key>
			<string>PBXFileReference</string>
			<key>lastKnownFileType</key>
			<string>text.plist.strings</string>
			<key>name</key>
			<string>en</string>
			<key>path</key>
			<string>en.lproj/InfoPlist.strings</string>
			<key>sourceTree</key>
			<string>&lt;group&gt;</string>
		</dict>
		<key>66E16D7016EF679400CA7F33</key>
		<dict>
			<key>fileRef</key>
			<string>66E16D6E16EF679400CA7F33</string>
			<key>isa</key>
			<string>PBXBuildFile</string>
		</dict>
		<key>66E16D7116EF679400CA7F33</key>
		<dict>
			<key>isa</key>
			<string>PBXFileReference</string>
			<key>lastKnownFileType</key>
			<string>sourcecode.c.h</string>
			<key>path</key>
			<string>ObjectiveFRAP_iOSTests.h</string>
			<key>sourceTree</key>
			<string>&lt;group&gt;</string>
		</dict>
		<key>66E16D7216EF679400CA7F33</key>
		<dict>
			<key>isa</key>
			<string>PBXFileReference</string>
			<key>lastKnownFileType</key>
			<string>sourcecode.c.objc</string>
			<key>path</key>
			<string>ObjectiveFRAP_iOSTests.m</string>
			<key>sourceTree</key>
			<string>&lt;group&gt;</string>
		</dict>
		<key>66E16D7316EF679400CA7F33</key>
		<dict>
			<key>fileRef</key>
			<string>66E16D7216EF679400CA7F33</string>
			<key>isa</key>
			<string>PBXBuildFile</string>
		</dict>
		<key>66E16D7416EF679400CA7F33</key>
		<dict>
			<key>buildConfigurations</key>
			<array>
				<string>66E16D7516EF679400CA7F33</string>
				<string>66E16D7616EF679400CA7F33</string>
			</array>
			<key>defaultConfigurationIsVisible</key>
			<string>0</string>
			<key>defaultConfigurationName</key>
			<string>Release</string>
			<key>isa</key>
			<string>XCConfigurationList</string>
		</dict>
		<key>66E16D7516EF679400CA7F33</key>
		<dict>
			<key>baseConfigurationReference</key>
			<string>A7C4CA6B3AF24AF088DB3CCF</string>
			<key>buildSettings</key>
			<dict>
				<key>DSTROOT</key>
				<string>/tmp/ObjectiveFRAP_iOS.dst</string>
				<key>GCC_PRECOMPILE_PREFIX_HEADER</key>
				<string>YES</string>
				<key>GCC_PREFIX_HEADER</key>
				<string>ObjectiveFRAP iOS/ObjectiveFRAP iOS-Prefix.pch</string>
				<key>IPHONEOS_DEPLOYMENT_TARGET</key>
				<string>5.0</string>
				<key>OTHER_LDFLAGS</key>
				<string></string>
				<key>PRODUCT_NAME</key>
				<string>$(TARGET_NAME)</string>
				<key>SDKROOT</key>
				<string>iphoneos</string>
				<key>SKIP_INSTALL</key>
				<string>YES</string>
				<key>TARGETED_DEVICE_FAMILY</key>
				<string>1,2</string>
			</dict>
			<key>isa</key>
			<string>XCBuildConfiguration</string>
			<key>name</key>
			<string>Debug</string>
		</dict>
		<key>66E16D7616EF679400CA7F33</key>
		<dict>
			<key>baseConfigurationReference</key>
			<string>A7C4CA6B3AF24AF088DB3CCF</string>
			<key>buildSettings</key>
			<dict>
				<key>DSTROOT</key>
				<string>/tmp/ObjectiveFRAP_iOS.dst</string>
				<key>GCC_PRECOMPILE_PREFIX_HEADER</key>
				<string>YES</string>
				<key>GCC_PREFIX_HEADER</key>
				<string>ObjectiveFRAP iOS/ObjectiveFRAP iOS-Prefix.pch</string>
				<key>IPHONEOS_DEPLOYMENT_TARGET</key>
				<string>5.0</string>
				<key>OTHER_LDFLAGS</key>
				<string></string>
				<key>PRODUCT_NAME</key>
				<string>$(TARGET_NAME)</string>
				<key>SDKROOT</key>
				<string>iphoneos</string>
				<key>SKIP_INSTALL</key>
				<string>YES</string>
				<key>TARGETED_DEVICE_FAMILY</key>
				<string>1,2</string>
				<key>VALIDATE_PRODUCT</key>
				<string>YES</string>
			</dict>
			<key>isa</key>
			<string>XCBuildConfiguration</string>
			<key>name</key>
			<string>Release</string>
		</dict>
		<key>66E16D7716EF679400CA7F33</key>
		<dict>
			<key>buildConfigurations</key>
			<array>
				<string>66E16D7816EF679400CA7F33</string>
				<string>66E16D7916EF679400CA7F33</string>
			</array>
			<key>defaultConfigurationIsVisible</key>
			<string>0</string>
			<key>defaultConfigurationName</key>
			<string>Release</string>
			<key>isa</key>
			<string>XCConfigurationList</string>
		</dict>
		<key>66E16D7816EF679400CA7F33</key>
		<dict>
			<key>baseConfigurationReference</key>
			<string>567267D5C5584C0491E4D3E0</string>
			<key>buildSettings</key>
			<dict>
				<key>FRAMEWORK_SEARCH_PATHS</key>
				<array>
					<string>"$(SDKROOT)/Developer/Library/Frameworks"</string>
					<string>"$(DEVELOPER_LIBRARY_DIR)/Frameworks"</string>
				</array>
				<key>GCC_PRECOMPILE_PREFIX_HEADER</key>
				<string>YES</string>
				<key>GCC_PREFIX_HEADER</key>
				<string>ObjectiveFRAP iOS/ObjectiveFRAP iOS-Prefix.pch</string>
				<key>INFOPLIST_FILE</key>
				<string>ObjectiveFRAP iOSTests/ObjectiveFRAP iOSTests-Info.plist</string>
				<key>IPHONEOS_DEPLOYMENT_TARGET</key>
				<string>6.1</string>
				<key>PRODUCT_NAME</key>
				<string>$(TARGET_NAME)</string>
				<key>SDKROOT</key>
				<string>iphoneos</string>
				<key>WRAPPER_EXTENSION</key>
				<string>octest</string>
			</dict>
			<key>isa</key>
			<string>XCBuildConfiguration</string>
			<key>name</key>
			<string>Debug</string>
		</dict>
		<key>66E16D7916EF679400CA7F33</key>
		<dict>
			<key>baseConfigurationReference</key>
			<string>567267D5C5584C0491E4D3E0</string>
			<key>buildSettings</key>
			<dict>
				<key>FRAMEWORK_SEARCH_PATHS</key>
				<array>
					<string>"$(SDKROOT)/Developer/Library/Frameworks"</string>
					<string>"$(DEVELOPER_LIBRARY_DIR)/Frameworks"</string>
				</array>
				<key>GCC_PRECOMPILE_PREFIX_HEADER</key>
				<string>YES</string>
				<key>GCC_PREFIX_HEADER</key>
				<string>ObjectiveFRAP iOS/ObjectiveFRAP iOS-Prefix.pch</string>
				<key>INFOPLIST_FILE</key>
				<string>ObjectiveFRAP iOSTests/ObjectiveFRAP iOSTests-Info.plist</string>
				<key>IPHONEOS_DEPLOYMENT_TARGET</key>
				<string>6.1</string>
				<key>PRODUCT_NAME</key>
				<string>$(TARGET_NAME)</string>
				<key>SDKROOT</key>
				<string>iphoneos</string>
				<key>VALIDATE_PRODUCT</key>
				<string>YES</string>
				<key>WRAPPER_EXTENSION</key>
				<string>octest</string>
			</dict>
			<key>isa</key>
			<string>XCBuildConfiguration</string>
			<key>name</key>
			<string>Release</string>
		</dict>
		<key>66E16D7A16EF67CB00CA7F33</key>
		<dict>
			<key>fileRef</key>
			<string>66E16D3D16EF675500CA7F33</string>
			<key>isa</key>
			<string>PBXBuildFile</string>
		</dict>
		<key>66E16D7B16EF67CB00CA7F33</key>
		<dict>
			<key>fileRef</key>
			<string>66E16D4116EF675500CA7F33</string>
			<key>isa</key>
			<string>PBXBuildFile</string>
		</dict>
		<key>66E16D7C16EF67CB00CA7F33</key>
		<dict>
			<key>fileRef</key>
			<string>66E16D4316EF675500CA7F33</string>
			<key>isa</key>
			<string>PBXBuildFile</string>
		</dict>
		<key>66E16D7D16EF67CB00CA7F33</key>
		<dict>
			<key>fileRef</key>
			<string>66E16D4516EF675500CA7F33</string>
			<key>isa</key>
			<string>PBXBuildFile</string>
		</dict>
		<key>6AF495B58AF341758DA2205E</key>
		<dict>
			<key>explicitFileType</key>
			<string>archive.ar</string>
			<key>includeInIndex</key>
			<string>0</string>
			<key>isa</key>
			<string>PBXFileReference</string>
			<key>path</key>
			<string>libPods-ObjectiveFRAP Mac OS X.a</string>
			<key>sourceTree</key>
			<string>BUILT_PRODUCTS_DIR</string>
		</dict>
		<key>6B17C548A2374D00881A0347</key>
		<dict>
			<key>includeInIndex</key>
			<string>1</string>
			<key>isa</key>
			<string>PBXFileReference</string>
			<key>lastKnownFileType</key>
			<string>text.xcconfig</string>
			<key>name</key>
			<string>Pods-FRAPConsole.xcconfig</string>
			<key>path</key>
			<string>Pods/Pods-FRAPConsole.xcconfig</string>
			<key>sourceTree</key>
			<string>&lt;group&gt;</string>
		</dict>
		<key>808A1E9AB6D340E5AC2397F3</key>
		<dict>
			<key>fileRef</key>
			<string>40527EB9308347B5950F8F58</string>
			<key>isa</key>
			<string>PBXBuildFile</string>
		</dict>
		<key>8E9CAD49586D4144BCA18558</key>
		<dict>
			<key>explicitFileType</key>
			<string>archive.ar</string>
			<key>includeInIndex</key>
			<string>0</string>
			<key>isa</key>
			<string>PBXFileReference</string>
			<key>path</key>
			<string>libPods-ObjectiveFRAP iOS.a</string>
			<key>sourceTree</key>
			<string>BUILT_PRODUCTS_DIR</string>
		</dict>
		<key>9F88B1CBDF324E99A7043A77</key>
		<dict>
			<key>buildActionMask</key>
			<string>2147483647</string>
			<key>files</key>
			<array/>
			<key>inputPaths</key>
			<array/>
			<key>isa</key>
			<string>PBXShellScriptBuildPhase</string>
			<key>name</key>
			<string>Check Pods Manifest.lock</string>
			<key>outputPaths</key>
			<array/>
			<key>runOnlyForDeploymentPostprocessing</key>
			<string>0</string>
			<key>shellPath</key>
			<string>/bin/sh</string>
			<key>shellScript</key>
			<string>diff "${PODS_ROOT}/../Podfile.lock" "${PODS_ROOT}/Manifest.lock" &gt; /dev/null
if [[ $? != 0 ]] ; then
    cat &lt;&lt; EOM
error: The sandbox is not in sync with the Podfile.lock. Run 'pod install' or update your CocoaPods installation.
EOM
    exit 1
fi
</string>
			<key>showEnvVarsInLog</key>
			<string>0</string>
		</dict>
		<key>A7C4CA6B3AF24AF088DB3CCF</key>
		<dict>
			<key>includeInIndex</key>
			<string>1</string>
			<key>isa</key>
			<string>PBXFileReference</string>
			<key>lastKnownFileType</key>
			<string>text.xcconfig</string>
			<key>name</key>
			<string>Pods-ObjectiveFRAP iOS.xcconfig</string>
			<key>path</key>
			<string>Pods/Pods-ObjectiveFRAP iOS.xcconfig</string>
			<key>sourceTree</key>
			<string>&lt;group&gt;</string>
		</dict>
		<key>A9D7529685A44D869C38D0FB</key>
		<dict>
			<key>buildActionMask</key>
			<string>2147483647</string>
			<key>files</key>
			<array/>
			<key>inputPaths</key>
			<array/>
			<key>isa</key>
			<string>PBXShellScriptBuildPhase</string>
			<key>name</key>
			<string>Copy Pods Resources</string>
			<key>outputPaths</key>
			<array/>
			<key>runOnlyForDeploymentPostprocessing</key>
			<string>0</string>
			<key>shellPath</key>
			<string>/bin/sh</string>
			<key>shellScript</key>
			<string>"${SRCROOT}/Pods/Pods-FRAPConsole-resources.sh"
</string>
			<key>showEnvVarsInLog</key>
			<string>0</string>
		</dict>
		<key>C48DF0D0FAFE4554A3AF9E08</key>
		<dict>
			<key>buildActionMask</key>
			<string>2147483647</string>
			<key>files</key>
			<array/>
			<key>inputPaths</key>
			<array/>
			<key>isa</key>
			<string>PBXShellScriptBuildPhase</string>
			<key>name</key>
			<string>Check Pods Manifest.lock</string>
			<key>outputPaths</key>
			<array/>
			<key>runOnlyForDeploymentPostprocessing</key>
			<string>0</string>
			<key>shellPath</key>
			<string>/bin/sh</string>
			<key>shellScript</key>
			<string>diff "${PODS_ROOT}/../Podfile.lock" "${PODS_ROOT}/Manifest.lock" &gt; /dev/null
if [[ $? != 0 ]] ; then
    cat &lt;&lt; EOM
error: The sandbox is not in sync with the Podfile.lock. Run 'pod install' or update your CocoaPods installation.
EOM
    exit 1
fi
</string>
			<key>showEnvVarsInLog</key>
			<string>0</string>
		</dict>
		<key>CA88EDAC763D41D886D61622</key>
		<dict>
			<key>buildActionMask</key>
			<string>2147483647</string>
			<key>files</key>
			<array/>
			<key>inputPaths</key>
			<array/>
			<key>isa</key>
			<string>PBXShellScriptBuildPhase</string>
			<key>name</key>
			<string>Copy Pods Resources</string>
			<key>outputPaths</key>
			<array/>
			<key>runOnlyForDeploymentPostprocessing</key>
			<string>0</string>
			<key>shellPath</key>
			<string>/bin/sh</string>
			<key>shellScript</key>
			<string>"${SRCROOT}/Pods/Pods-ObjectiveFRAP Mac OS X-resources.sh"
</string>
			<key>showEnvVarsInLog</key>
			<string>0</string>
		</dict>
		<key>E8653CC9F56E4F80A2E617B0</key>
		<dict>
			<key>buildActionMask</key>
			<string>2147483647</string>
			<key>files</key>
			<array/>
			<key>inputPaths</key>
			<array/>
			<key>isa</key>
			<string>PBXShellScriptBuildPhase</string>
			<key>name</key>
			<string>Check Pods Manifest.lock</string>
			<key>outputPaths</key>
			<array/>
			<key>runOnlyForDeploymentPostprocessing</key>
			<string>0</string>
			<key>shellPath</key>
			<string>/bin/sh</string>
			<key>shellScript</key>
			<string>diff "${PODS_ROOT}/../Podfile.lock" "${PODS_ROOT}/Manifest.lock" &gt; /dev/null
if [[ $? != 0 ]] ; then
    cat &lt;&lt; EOM
error: The sandbox is not in sync with the Podfile.lock. Run 'pod install' or update your CocoaPods installation.
EOM
    exit 1
fi
</string>
			<key>showEnvVarsInLog</key>
			<string>0</string>
		</dict>
		<key>F055F7B72AD246CB9801AB2C</key>
		<dict>
			<key>includeInIndex</key>
			<string>1</string>
			<key>isa</key>
			<string>PBXFileReference</string>
			<key>lastKnownFileType</key>
			<string>text.xcconfig</string>
			<key>name</key>
			<string>Pods-ObjectiveFRAP Mac OS X.xcconfig</string>
			<key>path</key>
			<string>Pods/Pods-ObjectiveFRAP Mac OS X.xcconfig</string>
			<key>sourceTree</key>
			<string>&lt;group&gt;</string>
		</dict>
		<key>FC8A14C6C1A748789F12F88C</key>
		<dict>
			<key>fileRef</key>
			<string>8E9CAD49586D4144BCA18558</string>
			<key>isa</key>
			<string>PBXBuildFile</string>
		</dict>
	</dict>
	<key>rootObject</key>
	<string>66E16D0316EF674400CA7F33</string>
</dict>
</plist>
